
Microsoft Visual Studio Solution File, Format Version 12.00
# Visual Studio Version 16
VisualStudioVersion = 16.0.31321.278
MinimumVisualStudioVersion = 10.0.40219.1
Project("{FAE04EC0-301F-11D3-BF4B-00C04F79EFBC}") = "Laptopseller", "Laptopseller\Laptopseller.csproj", "{652B619F-299D-4531-AAF1-4A11822E6F5C}"
EndProject
Global
	GlobalSection(SolutionConfigurationPlatforms) = preSolution
		Debug|Any CPU = Debug|Any CPU
		Release|Any CPU = Release|Any CPU
	EndGlobalSection
	GlobalSection(ProjectConfigurationPlatforms) = postSolution
		{652B619F-299D-4531-AAF1-4A11822E6F5C}.Debug|Any CPU.ActiveCfg = Debug|Any CPU
		{652B619F-299D-4531-AAF1-4A11822E6F5C}.Debug|Any CPU.Build.0 = Debug|Any CPU
		{652B619F-299D-4531-AAF1-4A11822E6F5C}.Release|Any CPU.ActiveCfg = Release|Any CPU
		{652B619F-299D-4531-AAF1-4A11822E6F5C}.Release|Any CPU.Build.0 = Release|Any CPU
	EndGlobalSection
	GlobalSection(SolutionProperties) = preSolution
		HideSolutionNode = FALSE
	EndGlobalSection
	GlobalSection(ExtensibilityGlobals) = postSolution
		SolutionGuid = {FC482E36-B8A4-4485-B292-8A7E96B53791}
	EndGlobalSection
EndGlobal
